PODS:
  - KochavaLocationiOS (3.14.1):
    - KochavaTrackeriOS (= 3.14.1)
  - KochavaTrackeriOS (3.14.1)

DEPENDENCIES:
  - KochavaLocationiOS (from `../`)

SPEC REPOS:
  trunk:
    - KochavaTrackeriOS

EXTERNAL SOURCES:
  KochavaLocationiOS:
    :path: "../"

SPEC CHECKSUMS:
  KochavaLocationiOS: 3171dea5c501beebddaab858906f1843c1475341
  KochavaTrackeriOS: 3d43c49fbdff6f2724f912dff9309c6da49e91b4

PODFILE CHECKSUM: 2aaad997d561631b51b279dbcdbafb9ce534252c

COCOAPODS: 1.8.4
