PODS:
  - KochavaLocationiOS (3.10.0)
  - KochavaTrackeriOS (3.10.0)

DEPENDENCIES:
  - KochavaLocationiOS (from `../`)
  - KochavaTrackeriOS

SPEC REPOS:
  https://github.com/cocoapods/specs.git:
    - KochavaTrackeriOS

EXTERNAL SOURCES:
  KochavaLocationiOS:
    :path: "../"

SPEC CHECKSUMS:
  KochavaLocationiOS: 9057699db87a7802b4571c5d038366538c2b9a5a
  KochavaTrackeriOS: 0d171c5512931758abbf4b4527d48ca6fdcbc166

PODFILE CHECKSUM: ac1bce4e7c3a8668d8b99d4a072b9c8b6b88bcd0

COCOAPODS: 1.5.2
