PODS:
  - KochavaLocationiOS (3.14.0):
    - KochavaTrackeriOS (= 3.14.0)
  - KochavaTrackeriOS (3.14.0)

DEPENDENCIES:
  - KochavaLocationiOS (from `../`)

SPEC REPOS:
  trunk:
    - KochavaTrackeriOS

EXTERNAL SOURCES:
  KochavaLocationiOS:
    :path: "../"

SPEC CHECKSUMS:
  KochavaLocationiOS: d5197ad55d560a9c0030c1b6fb742c355ae94694
  KochavaTrackeriOS: c768fdf3e3afd4d99909ce34685c5bd40e192e89

PODFILE CHECKSUM: 2aaad997d561631b51b279dbcdbafb9ce534252c

COCOAPODS: 1.8.4
